
Microsoft Visual Studio Solution File, Format Version 12.00
# Visual Studio 15
VisualStudioVersion = 15.0.28010.0
MinimumVisualStudioVersion = 10.0.40219.1
Project("{FAE04EC0-301F-11D3-BF4B-00C04F79EFBC}") = "Example.Leetcode", "Example.Leetcode\Example.Leetcode.csproj", "{ABA33A36-F2F3-46C3-B5F0-59D17F845C67}"
EndProject
Global
	GlobalSection(SolutionConfigurationPlatforms) = preSolution
		Debug|Any CPU = Debug|Any CPU
		Release|Any CPU = Release|Any CPU
	EndGlobalSection
	GlobalSection(ProjectConfigurationPlatforms) = postSolution
		{ABA33A36-F2F3-46C3-B5F0-59D17F845C67}.Debug|Any CPU.ActiveCfg = Debug|Any CPU
		{ABA33A36-F2F3-46C3-B5F0-59D17F845C67}.Debug|Any CPU.Build.0 = Debug|Any CPU
		{ABA33A36-F2F3-46C3-B5F0-59D17F845C67}.Release|Any CPU.ActiveCfg = Release|Any CPU
		{ABA33A36-F2F3-46C3-B5F0-59D17F845C67}.Release|Any CPU.Build.0 = Release|Any CPU
	EndGlobalSection
	GlobalSection(SolutionProperties) = preSolution
		HideSolutionNode = FALSE
	EndGlobalSection
	GlobalSection(ExtensibilityGlobals) = postSolution
		SolutionGuid = {F445A4FB-A542-4479-B025-59D7497EC463}
	EndGlobalSection
EndGlobal
